
Microsoft Visual Studio Solution File, Format Version 12.00
# Visual Studio 2012
Project("{FAE04EC0-301F-11D3-BF4B-00C04F79EFBC}") = "Skahal.Unity.Scripts", "Skahal.Unity.Scripts.csproj", "{D1F95AB1-B370-4D85-8FBD-E30869E8ACF7}"
EndProject
Project("{FAE04EC0-301F-11D3-BF4B-00C04F79EFBC}") = "Skahal.Unity.Scripts.Externals", "Skahal.Unity.Scripts.Externals\Skahal.Unity.Scripts.Externals.csproj", "{AF958CBE-9458-434A-9FAA-0671995A2974}"
EndProject
Global
	GlobalSection(SolutionConfigurationPlatforms) = preSolution
		Debug|Any CPU = Debug|Any CPU
		Release|Any CPU = Release|Any CPU
	EndGlobalSection
	GlobalSection(ProjectConfigurationPlatforms) = postSolution
		{AF958CBE-9458-434A-9FAA-0671995A2974}.Debug|Any CPU.ActiveCfg = Debug|Any CPU
		{AF958CBE-9458-434A-9FAA-0671995A2974}.Debug|Any CPU.Build.0 = Debug|Any CPU
		{AF958CBE-9458-434A-9FAA-0671995A2974}.Release|Any CPU.ActiveCfg = Release|Any CPU
		{AF958CBE-9458-434A-9FAA-0671995A2974}.Release|Any CPU.Build.0 = Release|Any CPU
		{D1F95AB1-B370-4D85-8FBD-E30869E8ACF7}.Debug|Any CPU.ActiveCfg = Debug|Any CPU
		{D1F95AB1-B370-4D85-8FBD-E30869E8ACF7}.Debug|Any CPU.Build.0 = Debug|Any CPU
		{D1F95AB1-B370-4D85-8FBD-E30869E8ACF7}.Release|Any CPU.ActiveCfg = Release|Any CPU
		{D1F95AB1-B370-4D85-8FBD-E30869E8ACF7}.Release|Any CPU.Build.0 = Release|Any CPU
	EndGlobalSection
EndGlobal
